// !$*UTF8*$!
{
	archiveVersion = 1;
	classes = {
	};
	objectVersion = 51;
	objects = {

/* Begin PBXBuildFile section */
		B23CF5FF2317CD7B002D491C /* Constant.swift in Sources */ = {isa = PBXBuildFile; fileRef = B23CF5FE2317CD7B002D491C /* Constant.swift */; };
		B24743DF23153520003C58C0 /* AppDelegate.swift in Sources */ = {isa = PBXBuildFile; fileRef = B24743DE23153520003C58C0 /* AppDelegate.swift */; };
		B24743E423153520003C58C0 /* Main.storyboard in Resources */ = {isa = PBXBuildFile; fileRef = B24743E223153520003C58C0 /* Main.storyboard */; };
		B24743E623153520003C58C0 /* Assets.xcassets in Resources */ = {isa = PBXBuildFile; fileRef = B24743E523153520003C58C0 /* Assets.xcassets */; };
		B24743E923153520003C58C0 /* LaunchScreen.storyboard in Resources */ = {isa = PBXBuildFile; fileRef = B24743E723153520003C58C0 /* LaunchScreen.storyboard */; };
		B24743F22315354D003C58C0 /* NetworkManager.swift in Sources */ = {isa = PBXBuildFile; fileRef = B24743F12315354D003C58C0 /* NetworkManager.swift */; };
		B24743F523153D55003C58C0 /* TabBarViewController.swift in Sources */ = {isa = PBXBuildFile; fileRef = B24743F423153D55003C58C0 /* TabBarViewController.swift */; };
		B2474410231618CB003C58C0 /* MobileResponse.swift in Sources */ = {isa = PBXBuildFile; fileRef = B247440F231618CB003C58C0 /* MobileResponse.swift */; };
		B295BA15231CC6BC00DE4E4D /* DetailPresenter.swift in Sources */ = {isa = PBXBuildFile; fileRef = B295BA0D231CC6BC00DE4E4D /* DetailPresenter.swift */; };
		B295BA17231CC6BC00DE4E4D /* DetailRouter.swift in Sources */ = {isa = PBXBuildFile; fileRef = B295BA0F231CC6BC00DE4E4D /* DetailRouter.swift */; };
		B295BA18231CC6BC00DE4E4D /* DetailModels.swift in Sources */ = {isa = PBXBuildFile; fileRef = B295BA10231CC6BC00DE4E4D /* DetailModels.swift */; };
		B295BA19231CC6BC00DE4E4D /* DetailViewController.swift in Sources */ = {isa = PBXBuildFile; fileRef = B295BA11231CC6BC00DE4E4D /* DetailViewController.swift */; };
		B295BA1A231CC6BC00DE4E4D /* DetailInteractor.swift in Sources */ = {isa = PBXBuildFile; fileRef = B295BA12231CC6BC00DE4E4D /* DetailInteractor.swift */; };
		B297FF0F231BB4A500C89077 /* MobilesStore.swift in Sources */ = {isa = PBXBuildFile; fileRef = B297FF07231BB4A500C89077 /* MobilesStore.swift */; };
		B297FF10231BB4A500C89077 /* AllPresenter.swift in Sources */ = {isa = PBXBuildFile; fileRef = B297FF08231BB4A500C89077 /* AllPresenter.swift */; };
		B297FF11231BB4A500C89077 /* MobilesWorker.swift in Sources */ = {isa = PBXBuildFile; fileRef = B297FF09231BB4A500C89077 /* MobilesWorker.swift */; };
		B297FF12231BB4A500C89077 /* AllRouter.swift in Sources */ = {isa = PBXBuildFile; fileRef = B297FF0A231BB4A500C89077 /* AllRouter.swift */; };
		B297FF13231BB4A500C89077 /* AllModels.swift in Sources */ = {isa = PBXBuildFile; fileRef = B297FF0B231BB4A500C89077 /* AllModels.swift */; };
		B297FF14231BB4A500C89077 /* AllViewController.swift in Sources */ = {isa = PBXBuildFile; fileRef = B297FF0C231BB4A500C89077 /* AllViewController.swift */; };
		B297FF15231BB4A500C89077 /* AllInteractor.swift in Sources */ = {isa = PBXBuildFile; fileRef = B297FF0D231BB4A500C89077 /* AllInteractor.swift */; };
		B297FF19231BB97D00C89077 /* Mobile.swift in Sources */ = {isa = PBXBuildFile; fileRef = B297FF18231BB97D00C89077 /* Mobile.swift */; };
		B297FF24231C265D00C89077 /* FavouritePresenter.swift in Sources */ = {isa = PBXBuildFile; fileRef = B297FF1C231C265D00C89077 /* FavouritePresenter.swift */; };
		B297FF26231C265D00C89077 /* FavouriteRouter.swift in Sources */ = {isa = PBXBuildFile; fileRef = B297FF1E231C265D00C89077 /* FavouriteRouter.swift */; };
		B297FF27231C265D00C89077 /* FavouriteModels.swift in Sources */ = {isa = PBXBuildFile; fileRef = B297FF1F231C265D00C89077 /* FavouriteModels.swift */; };
		B297FF28231C265D00C89077 /* FavouriteViewController.swift in Sources */ = {isa = PBXBuildFile; fileRef = B297FF20231C265D00C89077 /* FavouriteViewController.swift */; };
		B297FF29231C265D00C89077 /* FavouriteInteractor.swift in Sources */ = {isa = PBXBuildFile; fileRef = B297FF21231C265D00C89077 /* FavouriteInteractor.swift */; };
		B2AEB8B92316221500C625A9 /* ContentManager.swift in Sources */ = {isa = PBXBuildFile; fileRef = B2AEB8B82316221500C625A9 /* ContentManager.swift */; };
		B2AEB8BD2316528B00C625A9 /* UIImageView+Extension.swift in Sources */ = {isa = PBXBuildFile; fileRef = B2AEB8BC2316528B00C625A9 /* UIImageView+Extension.swift */; };
		B2AEB8C0231656CE00C625A9 /* ImageCollectionCell.swift in Sources */ = {isa = PBXBuildFile; fileRef = B2AEB8BF231656CE00C625A9 /* ImageCollectionCell.swift */; };
		B2AEB8C2231660E700C625A9 /* ImageResponse.swift in Sources */ = {isa = PBXBuildFile; fileRef = B2AEB8C1231660E700C625A9 /* ImageResponse.swift */; };
		B2CE5780231FB9320034A2B7 /* MobileCell.xib in Resources */ = {isa = PBXBuildFile; fileRef = B2CE577F231FB9320034A2B7 /* MobileCell.xib */; };
		B2CE5782231FBC330034A2B7 /* MobileCell.swift in Sources */ = {isa = PBXBuildFile; fileRef = B2CE5781231FBC330034A2B7 /* MobileCell.swift */; };
		B2CE57A62320B0F60034A2B7 /* AllInteractorTests.swift in Sources */ = {isa = PBXBuildFile; fileRef = B2CE57A42320B0F60034A2B7 /* AllInteractorTests.swift */; };
		B2CE57A72320B0F60034A2B7 /* AllPresenterTests.swift in Sources */ = {isa = PBXBuildFile; fileRef = B2CE57A52320B0F60034A2B7 /* AllPresenterTests.swift */; };
		D6428472781CF52750D3F900 /* Pods_SCBFirstAssignment.framework in Frameworks */ = {isa = PBXBuildFile; fileRef = 79961CE899F9A76F0BFC3A01 /* Pods_SCBFirstAssignment.framework */; };
/* End PBXBuildFile section */

/* Begin PBXContainerItemProxy section */
		B2CE5778231F71AA0034A2B7 /* PBXContainerItemProxy */ = {
			isa = PBXContainerItemProxy;
			containerPortal = B24743D323153520003C58C0 /* Project object */;
			proxyType = 1;
			remoteGlobalIDString = B24743DA23153520003C58C0;
			remoteInfo = SCBFirstAssignment;
		};
/* End PBXContainerItemProxy section */

/* Begin PBXFileReference section */
		0DC8CD2D798454AF27DA7A92 /* Pods-SCBFirstAssignment.debug.xcconfig */ = {isa = PBXFileReference; includeInIndex = 1; lastKnownFileType = text.xcconfig; name = "Pods-SCBFirstAssignment.debug.xcconfig"; path = "Target Support Files/Pods-SCBFirstAssignment/Pods-SCBFirstAssignment.debug.xcconfig"; sourceTree = "<group>"; };
		46EA5036C96980B1AC3A7988 /* Pods-SCBFirstAssignment.release.xcconfig */ = {isa = PBXFileReference; includeInIndex = 1; lastKnownFileType = text.xcconfig; name = "Pods-SCBFirstAssignment.release.xcconfig"; path = "Target Support Files/Pods-SCBFirstAssignment/Pods-SCBFirstAssignment.release.xcconfig"; sourceTree = "<group>"; };
		79961CE899F9A76F0BFC3A01 /* Pods_SCBFirstAssignment.framework */ = {isa = PBXFileReference; explicitFileType = wrapper.framework; includeInIndex = 0; path = Pods_SCBFirstAssignment.framework; sourceTree = BUILT_PRODUCTS_DIR; };
		B23CF5FE2317CD7B002D491C /* Constant.swift */ = {isa = PBXFileReference; lastKnownFileType = sourcecode.swift; path = Constant.swift; sourceTree = "<group>"; };
		B24743DB23153520003C58C0 /* SCBFirstAssignment.app */ = {isa = PBXFileReference; explicitFileType = wrapper.application; includeInIndex = 0; path = SCBFirstAssignment.app; sourceTree = BUILT_PRODUCTS_DIR; };
		B24743DE23153520003C58C0 /* AppDelegate.swift */ = {isa = PBXFileReference; lastKnownFileType = sourcecode.swift; path = AppDelegate.swift; sourceTree = "<group>"; };
		B24743E323153520003C58C0 /* Base */ = {isa = PBXFileReference; lastKnownFileType = file.storyboard; name = Base; path = Base.lproj/Main.storyboard; sourceTree = "<group>"; };
		B24743E523153520003C58C0 /* Assets.xcassets */ = {isa = PBXFileReference; lastKnownFileType = folder.assetcatalog; path = Assets.xcassets; sourceTree = "<group>"; };
		B24743E823153520003C58C0 /* Base */ = {isa = PBXFileReference; lastKnownFileType = file.storyboard; name = Base; path = Base.lproj/LaunchScreen.storyboard; sourceTree = "<group>"; };
		B24743EA23153520003C58C0 /* Info.plist */ = {isa = PBXFileReference; lastKnownFileType = text.plist.xml; path = Info.plist; sourceTree = "<group>"; };
		B24743F12315354D003C58C0 /* NetworkManager.swift */ = {isa = PBXFileReference; lastKnownFileType = sourcecode.swift; path = NetworkManager.swift; sourceTree = "<group>"; };
		B24743F423153D55003C58C0 /* TabBarViewController.swift */ = {isa = PBXFileReference; lastKnownFileType = sourcecode.swift; path = TabBarViewController.swift; sourceTree = "<group>"; };
		B247440F231618CB003C58C0 /* MobileResponse.swift */ = {isa = PBXFileReference; lastKnownFileType = sourcecode.swift; path = MobileResponse.swift; sourceTree = "<group>"; };
		B295BA0D231CC6BC00DE4E4D /* DetailPresenter.swift */ = {isa = PBXFileReference; lastKnownFileType = sourcecode.swift; path = DetailPresenter.swift; sourceTree = "<group>"; };
		B295BA0F231CC6BC00DE4E4D /* DetailRouter.swift */ = {isa = PBXFileReference; lastKnownFileType = sourcecode.swift; path = DetailRouter.swift; sourceTree = "<group>"; };
		B295BA10231CC6BC00DE4E4D /* DetailModels.swift */ = {isa = PBXFileReference; lastKnownFileType = sourcecode.swift; path = DetailModels.swift; sourceTree = "<group>"; };
		B295BA11231CC6BC00DE4E4D /* DetailViewController.swift */ = {isa = PBXFileReference; lastKnownFileType = sourcecode.swift; path = DetailViewController.swift; sourceTree = "<group>"; };
		B295BA12231CC6BC00DE4E4D /* DetailInteractor.swift */ = {isa = PBXFileReference; lastKnownFileType = sourcecode.swift; path = DetailInteractor.swift; sourceTree = "<group>"; };
		B297FF07231BB4A500C89077 /* MobilesStore.swift */ = {isa = PBXFileReference; lastKnownFileType = sourcecode.swift; path = MobilesStore.swift; sourceTree = "<group>"; };
		B297FF08231BB4A500C89077 /* AllPresenter.swift */ = {isa = PBXFileReference; lastKnownFileType = sourcecode.swift; path = AllPresenter.swift; sourceTree = "<group>"; };
		B297FF09231BB4A500C89077 /* MobilesWorker.swift */ = {isa = PBXFileReference; lastKnownFileType = sourcecode.swift; path = MobilesWorker.swift; sourceTree = "<group>"; };
		B297FF0A231BB4A500C89077 /* AllRouter.swift */ = {isa = PBXFileReference; lastKnownFileType = sourcecode.swift; path = AllRouter.swift; sourceTree = "<group>"; };
		B297FF0B231BB4A500C89077 /* AllModels.swift */ = {isa = PBXFileReference; lastKnownFileType = sourcecode.swift; path = AllModels.swift; sourceTree = "<group>"; };
		B297FF0C231BB4A500C89077 /* AllViewController.swift */ = {isa = PBXFileReference; lastKnownFileType = sourcecode.swift; path = AllViewController.swift; sourceTree = "<group>"; };
		B297FF0D231BB4A500C89077 /* AllInteractor.swift */ = {isa = PBXFileReference; lastKnownFileType = sourcecode.swift; path = AllInteractor.swift; sourceTree = "<group>"; };
		B297FF18231BB97D00C89077 /* Mobile.swift */ = {isa = PBXFileReference; lastKnownFileType = sourcecode.swift; path = Mobile.swift; sourceTree = "<group>"; };
		B297FF1C231C265D00C89077 /* FavouritePresenter.swift */ = {isa = PBXFileReference; lastKnownFileType = sourcecode.swift; path = FavouritePresenter.swift; sourceTree = "<group>"; };
		B297FF1E231C265D00C89077 /* FavouriteRouter.swift */ = {isa = PBXFileReference; lastKnownFileType = sourcecode.swift; path = FavouriteRouter.swift; sourceTree = "<group>"; };
		B297FF1F231C265D00C89077 /* FavouriteModels.swift */ = {isa = PBXFileReference; lastKnownFileType = sourcecode.swift; path = FavouriteModels.swift; sourceTree = "<group>"; };
		B297FF20231C265D00C89077 /* FavouriteViewController.swift */ = {isa = PBXFileReference; lastKnownFileType = sourcecode.swift; path = FavouriteViewController.swift; sourceTree = "<group>"; };
		B297FF21231C265D00C89077 /* FavouriteInteractor.swift */ = {isa = PBXFileReference; lastKnownFileType = sourcecode.swift; path = FavouriteInteractor.swift; sourceTree = "<group>"; };
		B2AEB8B82316221500C625A9 /* ContentManager.swift */ = {isa = PBXFileReference; lastKnownFileType = sourcecode.swift; path = ContentManager.swift; sourceTree = "<group>"; };
		B2AEB8BC2316528B00C625A9 /* UIImageView+Extension.swift */ = {isa = PBXFileReference; lastKnownFileType = sourcecode.swift; path = "UIImageView+Extension.swift"; sourceTree = "<group>"; };
		B2AEB8BF231656CE00C625A9 /* ImageCollectionCell.swift */ = {isa = PBXFileReference; lastKnownFileType = sourcecode.swift; path = ImageCollectionCell.swift; sourceTree = "<group>"; };
		B2AEB8C1231660E700C625A9 /* ImageResponse.swift */ = {isa = PBXFileReference; lastKnownFileType = sourcecode.swift; path = ImageResponse.swift; sourceTree = "<group>"; };
		B2CE5773231F71AA0034A2B7 /* SCBFirstAssignmentUnitTests.xctest */ = {isa = PBXFileReference; explicitFileType = wrapper.cfbundle; includeInIndex = 0; path = SCBFirstAssignmentUnitTests.xctest; sourceTree = BUILT_PRODUCTS_DIR; };
		B2CE5777231F71AA0034A2B7 /* Info.plist */ = {isa = PBXFileReference; lastKnownFileType = text.plist.xml; path = Info.plist; sourceTree = "<group>"; };
		B2CE577F231FB9320034A2B7 /* MobileCell.xib */ = {isa = PBXFileReference; lastKnownFileType = file.xib; path = MobileCell.xib; sourceTree = "<group>"; };
		B2CE5781231FBC330034A2B7 /* MobileCell.swift */ = {isa = PBXFileReference; lastKnownFileType = sourcecode.swift; path = MobileCell.swift; sourceTree = "<group>"; };
		B2CE57A42320B0F60034A2B7 /* AllInteractorTests.swift */ = {isa = PBXFileReference; lastKnownFileType = sourcecode.swift; path = AllInteractorTests.swift; sourceTree = "<group>"; };
		B2CE57A52320B0F60034A2B7 /* AllPresenterTests.swift */ = {isa = PBXFileReference; lastKnownFileType = sourcecode.swift; path = AllPresenterTests.swift; sourceTree = "<group>"; };
/* End PBXFileReference section */

/* Begin PBXFrameworksBuildPhase section */
		B24743D823153520003C58C0 /* Frameworks */ = {
			isa = PBXFrameworksBuildPhase;
			buildActionMask = 2147483647;
			files = (
				D6428472781CF52750D3F900 /* Pods_SCBFirstAssignment.framework in Frameworks */,
			);
			runOnlyForDeploymentPostprocessing = 0;
		};
		B2CE5770231F71AA0034A2B7 /* Frameworks */ = {
			isa = PBXFrameworksBuildPhase;
			buildActionMask = 2147483647;
			files = (
			);
			runOnlyForDeploymentPostprocessing = 0;
		};
/* End PBXFrameworksBuildPhase section */

/* Begin PBXGroup section */
		4D098D9B1AC19E4EE9014AA7 /* Pods */ = {
			isa = PBXGroup;
			children = (
				0DC8CD2D798454AF27DA7A92 /* Pods-SCBFirstAssignment.debug.xcconfig */,
				46EA5036C96980B1AC3A7988 /* Pods-SCBFirstAssignment.release.xcconfig */,
			);
			path = Pods;
			sourceTree = "<group>";
		};
		B23CF6002317CFCF002D491C /* Constant */ = {
			isa = PBXGroup;
			children = (
				B23CF5FE2317CD7B002D491C /* Constant.swift */,
			);
			path = Constant;
			sourceTree = "<group>";
		};
		B24743D223153520003C58C0 = {
			isa = PBXGroup;
			children = (
				B24743DD23153520003C58C0 /* SCBFirstAssignment */,
				B2CE5774231F71AA0034A2B7 /* SCBFirstAssignmentUnitTests */,
				B24743DC23153520003C58C0 /* Products */,
				4D098D9B1AC19E4EE9014AA7 /* Pods */,
				DB61B0715E755394A0E02A4E /* Frameworks */,
			);
			sourceTree = "<group>";
		};
		B24743DC23153520003C58C0 /* Products */ = {
			isa = PBXGroup;
			children = (
				B24743DB23153520003C58C0 /* SCBFirstAssignment.app */,
				B2CE5773231F71AA0034A2B7 /* SCBFirstAssignmentUnitTests.xctest */,
			);
			name = Products;
			sourceTree = "<group>";
		};
		B24743DD23153520003C58C0 /* SCBFirstAssignment */ = {
			isa = PBXGroup;
			children = (
				B2DA1EB3231CF93300A9FED2 /* Scenes */,
				B297FF2E231C323B00C89077 /* Workers */,
				B297FF2D231C323100C89077 /* Stores */,
				B24743F323153D30003C58C0 /* TabBar */,
				B2CE5783231FC7A30034A2B7 /* Cells */,
				B23CF6002317CFCF002D491C /* Constant */,
				B2AEB8BE231652AA00C625A9 /* Extentions */,
				B24743F02315352B003C58C0 /* Managers */,
				B247440E231618AC003C58C0 /* Models */,
				B24743DE23153520003C58C0 /* AppDelegate.swift */,
				B24743E223153520003C58C0 /* Main.storyboard */,
				B24743E523153520003C58C0 /* Assets.xcassets */,
				B24743E723153520003C58C0 /* LaunchScreen.storyboard */,
				B24743EA23153520003C58C0 /* Info.plist */,
			);
			path = SCBFirstAssignment;
			sourceTree = "<group>";
		};
		B24743F02315352B003C58C0 /* Managers */ = {
			isa = PBXGroup;
			children = (
				B24743F12315354D003C58C0 /* NetworkManager.swift */,
				B2AEB8B82316221500C625A9 /* ContentManager.swift */,
			);
			path = Managers;
			sourceTree = "<group>";
		};
		B24743F323153D30003C58C0 /* TabBar */ = {
			isa = PBXGroup;
			children = (
				B24743F423153D55003C58C0 /* TabBarViewController.swift */,
			);
			path = TabBar;
			sourceTree = "<group>";
		};
		B24743F723153E6F003C58C0 /* All */ = {
			isa = PBXGroup;
			children = (
				B297FF08231BB4A500C89077 /* AllPresenter.swift */,
				B297FF0A231BB4A500C89077 /* AllRouter.swift */,
				B297FF0B231BB4A500C89077 /* AllModels.swift */,
				B297FF0C231BB4A500C89077 /* AllViewController.swift */,
				B297FF0D231BB4A500C89077 /* AllInteractor.swift */,
			);
			path = All;
			sourceTree = "<group>";
		};
		B24743F823153E77003C58C0 /* Favourite */ = {
			isa = PBXGroup;
			children = (
				B297FF1C231C265D00C89077 /* FavouritePresenter.swift */,
				B297FF1E231C265D00C89077 /* FavouriteRouter.swift */,
				B297FF1F231C265D00C89077 /* FavouriteModels.swift */,
				B297FF20231C265D00C89077 /* FavouriteViewController.swift */,
				B297FF21231C265D00C89077 /* FavouriteInteractor.swift */,
			);
			path = Favourite;
			sourceTree = "<group>";
		};
		B247440B2315A3CC003C58C0 /* Detail */ = {
			isa = PBXGroup;
			children = (
				B295BA0D231CC6BC00DE4E4D /* DetailPresenter.swift */,
				B295BA0F231CC6BC00DE4E4D /* DetailRouter.swift */,
				B295BA10231CC6BC00DE4E4D /* DetailModels.swift */,
				B295BA11231CC6BC00DE4E4D /* DetailViewController.swift */,
				B295BA12231CC6BC00DE4E4D /* DetailInteractor.swift */,
			);
			path = Detail;
			sourceTree = "<group>";
		};
		B247440E231618AC003C58C0 /* Models */ = {
			isa = PBXGroup;
			children = (
				B247440F231618CB003C58C0 /* MobileResponse.swift */,
				B2AEB8C1231660E700C625A9 /* ImageResponse.swift */,
				B297FF18231BB97D00C89077 /* Mobile.swift */,
			);
			path = Models;
			sourceTree = "<group>";
		};
		B297FF2B231C26AB00C89077 /* MobileCell */ = {
			isa = PBXGroup;
			children = (
				B2CE577F231FB9320034A2B7 /* MobileCell.xib */,
				B2CE5781231FBC330034A2B7 /* MobileCell.swift */,
			);
			path = MobileCell;
			sourceTree = "<group>";
		};
		B297FF2D231C323100C89077 /* Stores */ = {
			isa = PBXGroup;
			children = (
				B297FF07231BB4A500C89077 /* MobilesStore.swift */,
			);
			path = Stores;
			sourceTree = "<group>";
		};
		B297FF2E231C323B00C89077 /* Workers */ = {
			isa = PBXGroup;
			children = (
				B297FF09231BB4A500C89077 /* MobilesWorker.swift */,
			);
			path = Workers;
			sourceTree = "<group>";
		};
		B2AEB8BE231652AA00C625A9 /* Extentions */ = {
			isa = PBXGroup;
			children = (
				B2AEB8BC2316528B00C625A9 /* UIImageView+Extension.swift */,
			);
			path = Extentions;
			sourceTree = "<group>";
		};
		B2CE5774231F71AA0034A2B7 /* SCBFirstAssignmentUnitTests */ = {
			isa = PBXGroup;
			children = (
				B2CE57A32320B0E50034A2B7 /* All */,
				B2CE5777231F71AA0034A2B7 /* Info.plist */,
			);
			path = SCBFirstAssignmentUnitTests;
			sourceTree = "<group>";
		};
		B2CE5783231FC7A30034A2B7 /* Cells */ = {
			isa = PBXGroup;
			children = (
				B2CE5784231FC7D10034A2B7 /* ImageCollectionCell */,
				B297FF2B231C26AB00C89077 /* MobileCell */,
			);
			path = Cells;
			sourceTree = "<group>";
		};
		B2CE5784231FC7D10034A2B7 /* ImageCollectionCell */ = {
			isa = PBXGroup;
			children = (
				B2AEB8BF231656CE00C625A9 /* ImageCollectionCell.swift */,
			);
			path = ImageCollectionCell;
			sourceTree = "<group>";
		};
		B2CE57A32320B0E50034A2B7 /* All */ = {
			isa = PBXGroup;
			children = (
				B2CE57A42320B0F60034A2B7 /* AllInteractorTests.swift */,
				B2CE57A52320B0F60034A2B7 /* AllPresenterTests.swift */,
			);
			path = All;
			sourceTree = "<group>";
		};
		B2DA1EB3231CF93300A9FED2 /* Scenes */ = {
			isa = PBXGroup;
			children = (
				B247440B2315A3CC003C58C0 /* Detail */,
				B24743F823153E77003C58C0 /* Favourite */,
				B24743F723153E6F003C58C0 /* All */,
			);
			path = Scenes;
			sourceTree = "<group>";
		};
		DB61B0715E755394A0E02A4E /* Frameworks */ = {
			isa = PBXGroup;
			children = (
				79961CE899F9A76F0BFC3A01 /* Pods_SCBFirstAssignment.framework */,
			);
			name = Frameworks;
			sourceTree = "<group>";
		};
/* End PBXGroup section */

/* Begin PBXNativeTarget section */
		B24743DA23153520003C58C0 /* SCBFirstAssignment */ = {
			isa = PBXNativeTarget;
			buildConfigurationList = B24743ED23153520003C58C0 /* Build configuration list for PBXNativeTarget "SCBFirstAssignment" */;
			buildPhases = (
				E4DB9E06F7806677BF0269B3 /* [CP] Check Pods Manifest.lock */,
				B24743D723153520003C58C0 /* Sources */,
				B24743D823153520003C58C0 /* Frameworks */,
				B24743D923153520003C58C0 /* Resources */,
				6D1CB025AF9618181135ED6D /* [CP] Embed Pods Frameworks */,
			);
			buildRules = (
			);
			dependencies = (
			);
			name = SCBFirstAssignment;
			productName = SCBFirstAssignment;
			productReference = B24743DB23153520003C58C0 /* SCBFirstAssignment.app */;
			productType = "com.apple.product-type.application";
		};
		B2CE5772231F71AA0034A2B7 /* SCBFirstAssignmentUnitTests */ = {
			isa = PBXNativeTarget;
			buildConfigurationList = B2CE577C231F71AA0034A2B7 /* Build configuration list for PBXNativeTarget "SCBFirstAssignmentUnitTests" */;
			buildPhases = (
				B2CE576F231F71AA0034A2B7 /* Sources */,
				B2CE5770231F71AA0034A2B7 /* Frameworks */,
				B2CE5771231F71AA0034A2B7 /* Resources */,
			);
			buildRules = (
			);
			dependencies = (
				B2CE5779231F71AA0034A2B7 /* PBXTargetDependency */,
			);
			name = SCBFirstAssignmentUnitTests;
			productName = SCBFirstAssignmentUnitTests;
			productReference = B2CE5773231F71AA0034A2B7 /* SCBFirstAssignmentUnitTests.xctest */;
			productType = "com.apple.product-type.bundle.unit-test";
		};
/* End PBXNativeTarget section */

/* Begin PBXProject section */
		B24743D323153520003C58C0 /* Project object */ = {
			isa = PBXProject;
			attributes = {
				LastSwiftUpdateCheck = 1030;
				LastUpgradeCheck = 1030;
				ORGANIZATIONNAME = SCB;
				TargetAttributes = {
					B24743DA23153520003C58C0 = {
						CreatedOnToolsVersion = 10.3;
					};
					B2CE5772231F71AA0034A2B7 = {
						CreatedOnToolsVersion = 10.3;
						TestTargetID = B24743DA23153520003C58C0;
					};
				};
			};
			buildConfigurationList = B24743D623153520003C58C0 /* Build configuration list for PBXProject "SCBFirstAssignment" */;
			compatibilityVersion = "Xcode 9.3";
			developmentRegion = en;
			hasScannedForEncodings = 0;
			knownRegions = (
				en,
				Base,
			);
			mainGroup = B24743D223153520003C58C0;
			productRefGroup = B24743DC23153520003C58C0 /* Products */;
			projectDirPath = "";
			projectRoot = "";
			targets = (
				B24743DA23153520003C58C0 /* SCBFirstAssignment */,
				B2CE5772231F71AA0034A2B7 /* SCBFirstAssignmentUnitTests */,
			);
		};
/* End PBXProject section */

/* Begin PBXResourcesBuildPhase section */
		B24743D923153520003C58C0 /* Resources */ = {
			isa = PBXResourcesBuildPhase;
			buildActionMask = 2147483647;
			files = (
				B24743E923153520003C58C0 /* LaunchScreen.storyboard in Resources */,
				B24743E623153520003C58C0 /* Assets.xcassets in Resources */,
				B24743E423153520003C58C0 /* Main.storyboard in Resources */,
				B2CE5780231FB9320034A2B7 /* MobileCell.xib in Resources */,
			);
			runOnlyForDeploymentPostprocessing = 0;
		};
		B2CE5771231F71AA0034A2B7 /* Resources */ = {
			isa = PBXResourcesBuildPhase;
			buildActionMask = 2147483647;
			files = (
			);
			runOnlyForDeploymentPostprocessing = 0;
		};
/* End PBXResourcesBuildPhase section */

/* Begin PBXShellScriptBuildPhase section */
		6D1CB025AF9618181135ED6D /* [CP] Embed Pods Frameworks */ = {
			isa = PBXShellScriptBuildPhase;
			buildActionMask = 2147483647;
			files = (
			);
			inputFileListPaths = (
				"${PODS_ROOT}/Target Support Files/Pods-SCBFirstAssignment/Pods-SCBFirstAssignment-frameworks-${CONFIGURATION}-input-files.xcfilelist",
			);
			name = "[CP] Embed Pods Frameworks";
			outputFileListPaths = (
				"${PODS_ROOT}/Target Support Files/Pods-SCBFirstAssignment/Pods-SCBFirstAssignment-frameworks-${CONFIGURATION}-output-files.xcfilelist",
			);
			runOnlyForDeploymentPostprocessing = 0;
			shellPath = /bin/sh;
			shellScript = "\"${PODS_ROOT}/Target Support Files/Pods-SCBFirstAssignment/Pods-SCBFirstAssignment-frameworks.sh\"\n";
			showEnvVarsInLog = 0;
		};
		E4DB9E06F7806677BF0269B3 /* [CP] Check Pods Manifest.lock */ = {
			isa = PBXShellScriptBuildPhase;
			buildActionMask = 2147483647;
			files = (
			);
			inputFileListPaths = (
			);
			inputPaths = (
				"${PODS_PODFILE_DIR_PATH}/Podfile.lock",
				"${PODS_ROOT}/Manifest.lock",
			);
			name = "[CP] Check Pods Manifest.lock";
			outputFileListPaths = (
			);
			outputPaths = (
				"$(DERIVED_FILE_DIR)/Pods-SCBFirstAssignment-checkManifestLockResult.txt",
			);
			runOnlyForDeploymentPostprocessing = 0;
			shellPath = /bin/sh;
			shellScript = "diff \"${PODS_PODFILE_DIR_PATH}/Podfile.lock\" \"${PODS_ROOT}/Manifest.lock\" > /dev/null\nif [ $? != 0 ] ; then\n    # print error to STDERR\n    echo \"error: The sandbox is not in sync with the Podfile.lock. Run 'pod install' or update your CocoaPods installation.\" >&2\n    exit 1\nfi\n# This output is used by Xcode 'outputs' to avoid re-running this script phase.\necho \"SUCCESS\" > \"${SCRIPT_OUTPUT_FILE_0}\"\n";
			showEnvVarsInLog = 0;
		};
/* End PBXShellScriptBuildPhase section */

/* Begin PBXSourcesBuildPhase section */
		B24743D723153520003C58C0 /* Sources */ = {
			isa = PBXSourcesBuildPhase;
			buildActionMask = 2147483647;
			files = (
				B295BA19231CC6BC00DE4E4D /* DetailViewController.swift in Sources */,
				B2AEB8C2231660E700C625A9 /* ImageResponse.swift in Sources */,
				B2AEB8B92316221500C625A9 /* ContentManager.swift in Sources */,
				B2CE5782231FBC330034A2B7 /* MobileCell.swift in Sources */,
				B2474410231618CB003C58C0 /* MobileResponse.swift in Sources */,
				B295BA18231CC6BC00DE4E4D /* DetailModels.swift in Sources */,
				B297FF28231C265D00C89077 /* FavouriteViewController.swift in Sources */,
				B2AEB8C0231656CE00C625A9 /* ImageCollectionCell.swift in Sources */,
				B295BA17231CC6BC00DE4E4D /* DetailRouter.swift in Sources */,
				B297FF14231BB4A500C89077 /* AllViewController.swift in Sources */,
				B24743F22315354D003C58C0 /* NetworkManager.swift in Sources */,
				B295BA1A231CC6BC00DE4E4D /* DetailInteractor.swift in Sources */,
				B23CF5FF2317CD7B002D491C /* Constant.swift in Sources */,
				B297FF12231BB4A500C89077 /* AllRouter.swift in Sources */,
				B297FF11231BB4A500C89077 /* MobilesWorker.swift in Sources */,
				B2AEB8BD2316528B00C625A9 /* UIImageView+Extension.swift in Sources */,
				B24743F523153D55003C58C0 /* TabBarViewController.swift in Sources */,
				B297FF24231C265D00C89077 /* FavouritePresenter.swift in Sources */,
				B295BA15231CC6BC00DE4E4D /* DetailPresenter.swift in Sources */,
				B297FF15231BB4A500C89077 /* AllInteractor.swift in Sources */,
				B297FF19231BB97D00C89077 /* Mobile.swift in Sources */,
				B297FF26231C265D00C89077 /* FavouriteRouter.swift in Sources */,
				B297FF13231BB4A500C89077 /* AllModels.swift in Sources */,
				B24743DF23153520003C58C0 /* AppDelegate.swift in Sources */,
				B297FF27231C265D00C89077 /* FavouriteModels.swift in Sources */,
				B297FF10231BB4A500C89077 /* AllPresenter.swift in Sources */,
				B297FF29231C265D00C89077 /* FavouriteInteractor.swift in Sources */,
				B297FF0F231BB4A500C89077 /* MobilesStore.swift in Sources */,
			);
			runOnlyForDeploymentPostprocessing = 0;
		};
		B2CE576F231F71AA0034A2B7 /* Sources */ = {
			isa = PBXSourcesBuildPhase;
			buildActionMask = 2147483647;
			files = (
				B2CE57A72320B0F60034A2B7 /* AllPresenterTests.swift in Sources */,
				B2CE57A62320B0F60034A2B7 /* AllInteractorTests.swift in Sources */,
			);
			runOnlyForDeploymentPostprocessing = 0;
		};
/* End PBXSourcesBuildPhase section */

/* Begin PBXTargetDependency section */
		B2CE5779231F71AA0034A2B7 /* PBXTargetDependency */ = {
			isa = PBXTargetDependency;
			target = B24743DA23153520003C58C0 /* SCBFirstAssignment */;
			targetProxy = B2CE5778231F71AA0034A2B7 /* PBXContainerItemProxy */;
		};
/* End PBXTargetDependency section */

/* Begin PBXVariantGroup section */
		B24743E223153520003C58C0 /* Main.storyboard */ = {
			isa = PBXVariantGroup;
			children = (
				B24743E323153520003C58C0 /* Base */,
			);
			name = Main.storyboard;
			sourceTree = "<group>";
		};
		B24743E723153520003C58C0 /* LaunchScreen.storyboard */ = {
			isa = PBXVariantGroup;
			children = (
				B24743E823153520003C58C0 /* Base */,
			);
			name = LaunchScreen.storyboard;
			sourceTree = "<group>";
		};
/* End PBXVariantGroup section */

/* Begin XCBuildConfiguration section */
		B24743EB23153520003C58C0 /* Debug */ = {
			isa = XCBuildConfiguration;
			buildSettings = {
				ALWAYS_SEARCH_USER_PATHS = NO;
				CLANG_ANALYZER_NONNULL = YES;
				CLANG_ANALYZER_NUMBER_OBJECT_CONVERSION = YES_AGGRESSIVE;
				CLANG_CXX_LANGUAGE_STANDARD = "gnu++14";
				CLANG_CXX_LIBRARY = "libc++";
				CLANG_ENABLE_MODULES = YES;
				CLANG_ENABLE_OBJC_ARC = YES;
				CLANG_ENABLE_OBJC_WEAK = YES;
				CLANG_WARN_BLOCK_CAPTURE_AUTORELEASING = YES;
				CLANG_WARN_BOOL_CONVERSION = YES;
				CLANG_WARN_COMMA = YES;
				CLANG_WARN_CONSTANT_CONVERSION = YES;
				CLANG_WARN_DEPRECATED_OBJC_IMPLEMENTATIONS = YES;
				CLANG_WARN_DIRECT_OBJC_ISA_USAGE = YES_ERROR;
				CLANG_WARN_DOCUMENTATION_COMMENTS = YES;
				CLANG_WARN_EMPTY_BODY = YES;
				CLANG_WARN_ENUM_CONVERSION = YES;
				CLANG_WARN_INFINITE_RECURSION = YES;
				CLANG_WARN_INT_CONVERSION = YES;
				CLANG_WARN_NON_LITERAL_NULL_CONVERSION = YES;
				CLANG_WARN_OBJC_IMPLICIT_RETAIN_SELF = YES;
				CLANG_WARN_OBJC_LITERAL_CONVERSION = YES;
				CLANG_WARN_OBJC_ROOT_CLASS = YES_ERROR;
				CLANG_WARN_RANGE_LOOP_ANALYSIS = YES;
				CLANG_WARN_STRICT_PROTOTYPES = YES;
				CLANG_WARN_SUSPICIOUS_MOVE = YES;
				CLANG_WARN_UNGUARDED_AVAILABILITY = YES_AGGRESSIVE;
				CLANG_WARN_UNREACHABLE_CODE = YES;
				CLANG_WARN__DUPLICATE_METHOD_MATCH = YES;
				CODE_SIGN_IDENTITY = "iPhone Developer";
				COPY_PHASE_STRIP = NO;
				DEBUG_INFORMATION_FORMAT = dwarf;
				ENABLE_STRICT_OBJC_MSGSEND = YES;
				ENABLE_TESTABILITY = YES;
				GCC_C_LANGUAGE_STANDARD = gnu11;
				GCC_DYNAMIC_NO_PIC = NO;
				GCC_NO_COMMON_BLOCKS = YES;
				GCC_OPTIMIZATION_LEVEL = 0;
				GCC_PREPROCESSOR_DEFINITIONS = (
					"DEBUG=1",
					"$(inherited)",
				);
				GCC_WARN_64_TO_32_BIT_CONVERSION = YES;
				GCC_WARN_ABOUT_RETURN_TYPE = YES_ERROR;
				GCC_WARN_UNDECLARED_SELECTOR = YES;
				GCC_WARN_UNINITIALIZED_AUTOS = YES_AGGRESSIVE;
				GCC_WARN_UNUSED_FUNCTION = YES;
				GCC_WARN_UNUSED_VARIABLE = YES;
				IPHONEOS_DEPLOYMENT_TARGET = 10.0;
				MTL_ENABLE_DEBUG_INFO = INCLUDE_SOURCE;
				MTL_FAST_MATH = YES;
				ONLY_ACTIVE_ARCH = YES;
				SDKROOT = iphoneos;
				SWIFT_ACTIVE_COMPILATION_CONDITIONS = DEBUG;
				SWIFT_OPTIMIZATION_LEVEL = "-Onone";
			};
			name = Debug;
		};
		B24743EC23153520003C58C0 /* Release */ = {
			isa = XCBuildConfiguration;
			buildSettings = {
				ALWAYS_SEARCH_USER_PATHS = NO;
				CLANG_ANALYZER_NONNULL = YES;
				CLANG_ANALYZER_NUMBER_OBJECT_CONVERSION = YES_AGGRESSIVE;
				CLANG_CXX_LANGUAGE_STANDARD = "gnu++14";
				CLANG_CXX_LIBRARY = "libc++";
				CLANG_ENABLE_MODULES = YES;
				CLANG_ENABLE_OBJC_ARC = YES;
				CLANG_ENABLE_OBJC_WEAK = YES;
				CLANG_WARN_BLOCK_CAPTURE_AUTORELEASING = YES;
				CLANG_WARN_BOOL_CONVERSION = YES;
				CLANG_WARN_COMMA = YES;
				CLANG_WARN_CONSTANT_CONVERSION = YES;
				CLANG_WARN_DEPRECATED_OBJC_IMPLEMENTATIONS = YES;
				CLANG_WARN_DIRECT_OBJC_ISA_USAGE = YES_ERROR;
				CLANG_WARN_DOCUMENTATION_COMMENTS = YES;
				CLANG_WARN_EMPTY_BODY = YES;
				CLANG_WARN_ENUM_CONVERSION = YES;
				CLANG_WARN_INFINITE_RECURSION = YES;
				CLANG_WARN_INT_CONVERSION = YES;
				CLANG_WARN_NON_LITERAL_NULL_CONVERSION = YES;
				CLANG_WARN_OBJC_IMPLICIT_RETAIN_SELF = YES;
				CLANG_WARN_OBJC_LITERAL_CONVERSION = YES;
				CLANG_WARN_OBJC_ROOT_CLASS = YES_ERROR;
				CLANG_WARN_RANGE_LOOP_ANALYSIS = YES;
				CLANG_WARN_STRICT_PROTOTYPES = YES;
				CLANG_WARN_SUSPICIOUS_MOVE = YES;
				CLANG_WARN_UNGUARDED_AVAILABILITY = YES_AGGRESSIVE;
				CLANG_WARN_UNREACHABLE_CODE = YES;
				CLANG_WARN__DUPLICATE_METHOD_MATCH = YES;
				CODE_SIGN_IDENTITY = "iPhone Developer";
				COPY_PHASE_STRIP = NO;
				DEBUG_INFORMATION_FORMAT = "dwarf-with-dsym";
				ENABLE_NS_ASSERTIONS = NO;
				ENABLE_STRICT_OBJC_MSGSEND = YES;
				GCC_C_LANGUAGE_STANDARD = gnu11;
				GCC_NO_COMMON_BLOCKS = YES;
				GCC_WARN_64_TO_32_BIT_CONVERSION = YES;
				GCC_WARN_ABOUT_RETURN_TYPE = YES_ERROR;
				GCC_WARN_UNDECLARED_SELECTOR = YES;
				GCC_WARN_UNINITIALIZED_AUTOS = YES_AGGRESSIVE;
				GCC_WARN_UNUSED_FUNCTION = YES;
				GCC_WARN_UNUSED_VARIABLE = YES;
				IPHONEOS_DEPLOYMENT_TARGET = 10.0;
				MTL_ENABLE_DEBUG_INFO = NO;
				MTL_FAST_MATH = YES;
				SDKROOT = iphoneos;
				SWIFT_COMPILATION_MODE = wholemodule;
				SWIFT_OPTIMIZATION_LEVEL = "-O";
				VALIDATE_PRODUCT = YES;
			};
			name = Release;
		};
		B24743EE23153520003C58C0 /* Debug */ = {
			isa = XCBuildConfiguration;
			baseConfigurationReference = 0DC8CD2D798454AF27DA7A92 /* Pods-SCBFirstAssignment.debug.xcconfig */;
			buildSettings = {
				ASSETCATALOG_COMPILER_APPICON_NAME = AppIcon;
				CODE_SIGN_STYLE = Automatic;
				DEVELOPMENT_TEAM = VYHQLU2W93;
				INFOPLIST_FILE = SCBFirstAssignment/Info.plist;
				LD_RUNPATH_SEARCH_PATHS = (
					"$(inherited)",
					"@executable_path/Frameworks",
				);
				PRODUCT_BUNDLE_IDENTIFIER = com.scb.ios.SCBFirstAssignment;
				PRODUCT_NAME = "$(TARGET_NAME)";
				SWIFT_VERSION = 5.0;
				TARGETED_DEVICE_FAMILY = "1,2";
			};
			name = Debug;
		};
		B24743EF23153520003C58C0 /* Release */ = {
			isa = XCBuildConfiguration;
			baseConfigurationReference = 46EA5036C96980B1AC3A7988 /* Pods-SCBFirstAssignment.release.xcconfig */;
			buildSettings = {
				ASSETCATALOG_COMPILER_APPICON_NAME = AppIcon;
				CODE_SIGN_STYLE = Automatic;
				DEVELOPMENT_TEAM = VYHQLU2W93;
				INFOPLIST_FILE = SCBFirstAssignment/Info.plist;
				LD_RUNPATH_SEARCH_PATHS = (
					"$(inherited)",
					"@executable_path/Frameworks",
				);
				PRODUCT_BUNDLE_IDENTIFIER = com.scb.ios.SCBFirstAssignment;
				PRODUCT_NAME = "$(TARGET_NAME)";
				SWIFT_VERSION = 5.0;
				TARGETED_DEVICE_FAMILY = "1,2";
			};
			name = Release;
		};
		B2CE577A231F71AA0034A2B7 /* Debug */ = {
			isa = XCBuildConfiguration;
			buildSettings = {
				BUNDLE_LOADER = "$(TEST_HOST)";
				CODE_SIGN_STYLE = Automatic;
				DEVELOPMENT_TEAM = VYHQLU2W93;
				INFOPLIST_FILE = SCBFirstAssignmentUnitTests/Info.plist;
				LD_RUNPATH_SEARCH_PATHS = (
					"$(inherited)",
					"@executable_path/Frameworks",
					"@loader_path/Frameworks",
				);
				ONLY_ACTIVE_ARCH = YES;
				PRODUCT_BUNDLE_IDENTIFIER = com.scb.ios.SCBFirstAssignmentUnitTests;
				PRODUCT_NAME = "$(TARGET_NAME)";
				SWIFT_VERSION = 5.0;
				TARGETED_DEVICE_FAMILY = "1,2";
				TEST_HOST = "$(BUILT_PRODUCTS_DIR)/SCBFirstAssignment.app/SCBFirstAssignment";
			};
			name = Debug;
		};
		B2CE577B231F71AA0034A2B7 /* Release */ = {
			isa = XCBuildConfiguration;
			buildSettings = {
				BUNDLE_LOADER = "$(TEST_HOST)";
				CODE_SIGN_STYLE = Automatic;
				DEVELOPMENT_TEAM = VYHQLU2W93;
				INFOPLIST_FILE = SCBFirstAssignmentUnitTests/Info.plist;
				LD_RUNPATH_SEARCH_PATHS = (
					"$(inherited)",
					"@executable_path/Frameworks",
					"@loader_path/Frameworks",
				);
				ONLY_ACTIVE_ARCH = YES;
				PRODUCT_BUNDLE_IDENTIFIER = com.scb.ios.SCBFirstAssignmentUnitTests;
				PRODUCT_NAME = "$(TARGET_NAME)";
				SWIFT_VERSION = 5.0;
				TARGETED_DEVICE_FAMILY = "1,2";
				TEST_HOST = "$(BUILT_PRODUCTS_DIR)/SCBFirstAssignment.app/SCBFirstAssignment";
			};
			name = Release;
		};
/* End XCBuildConfiguration section */

/* Begin XCConfigurationList section */
		B24743D623153520003C58C0 /* Build configuration list for PBXProject "SCBFirstAssignment" */ = {
			isa = XCConfigurationList;
			buildConfigurations = (
				B24743EB23153520003C58C0 /* Debug */,
				B24743EC23153520003C58C0 /* Release */,
			);
			defaultConfigurationIsVisible = 0;
			defaultConfigurationName = Release;
		};
		B24743ED23153520003C58C0 /* Build configuration list for PBXNativeTarget "SCBFirstAssignment" */ = {
			isa = XCConfigurationList;
			buildConfigurations = (
				B24743EE23153520003C58C0 /* Debug */,
				B24743EF23153520003C58C0 /* Release */,
			);
			defaultConfigurationIsVisible = 0;
			defaultConfigurationName = Release;
		};
		B2CE577C231F71AA0034A2B7 /* Build configuration list for PBXNativeTarget "SCBFirstAssignmentUnitTests" */ = {
			isa = XCConfigurationList;
			buildConfigurations = (
				B2CE577A231F71AA0034A2B7 /* Debug */,
				B2CE577B231F71AA0034A2B7 /* Release */,
			);
			defaultConfigurationIsVisible = 0;
			defaultConfigurationName = Release;
		};
/* End XCConfigurationList section */
	};
	rootObject = B24743D323153520003C58C0 /* Project object */;
}
